// !$*UTF8*$!
{
	archiveVersion = 1;
	classes = {
	};
	objectVersion = 50;
	objects = {

/* Begin PBXBuildFile section */
		5FDB386A24F7E7400004EB8F /* AppDelegate.swift in Sources */ = {isa = PBXBuildFile; fileRef = 5FDB386924F7E7400004EB8F /* AppDelegate.swift */; };
		5FDB386C24F7E7400004EB8F /* SceneDelegate.swift in Sources */ = {isa = PBXBuildFile; fileRef = 5FDB386B24F7E7400004EB8F /* SceneDelegate.swift */; };
		5FDB386E24F7E7400004EB8F /* ViewController_1.swift in Sources */ = {isa = PBXBuildFile; fileRef = 5FDB386D24F7E7400004EB8F /* ViewController_1.swift */; };
		5FDB387124F7E7400004EB8F /* Main.storyboard in Resources */ = {isa = PBXBuildFile; fileRef = 5FDB386F24F7E7400004EB8F /* Main.storyboard */; };
		5FDB387324F7E7480004EB8F /* Assets.xcassets in Resources */ = {isa = PBXBuildFile; fileRef = 5FDB387224F7E7480004EB8F /* Assets.xcassets */; };
		5FDB387624F7E7480004EB8F /* LaunchScreen.storyboard in Resources */ = {isa = PBXBuildFile; fileRef = 5FDB387424F7E7480004EB8F /* LaunchScreen.storyboard */; };
		5FDB387E24F7F12A0004EB8F /* ViewController_2.swift in Sources */ = {isa = PBXBuildFile; fileRef = 5FDB387D24F7F12A0004EB8F /* ViewController_2.swift */; };
		5FDB389024F7FED50004EB8F /* Localizable.strings in Resources */ = {isa = PBXBuildFile; fileRef = 5FDB389224F7FED50004EB8F /* Localizable.strings */; };
/* End PBXBuildFile section */

/* Begin PBXFileReference section */
		5FDB386624F7E7400004EB8F /* Internacionalizacao.app */ = {isa = PBXFileReference; explicitFileType = wrapper.application; includeInIndex = 0; path = Internacionalizacao.app; sourceTree = BUILT_PRODUCTS_DIR; };
		5FDB386924F7E7400004EB8F /* AppDelegate.swift */ = {isa = PBXFileReference; lastKnownFileType = sourcecode.swift; path = AppDelegate.swift; sourceTree = "<group>"; };
		5FDB386B24F7E7400004EB8F /* SceneDelegate.swift */ = {isa = PBXFileReference; lastKnownFileType = sourcecode.swift; path = SceneDelegate.swift; sourceTree = "<group>"; };
		5FDB386D24F7E7400004EB8F /* ViewController_1.swift */ = {isa = PBXFileReference; lastKnownFileType = sourcecode.swift; path = ViewController_1.swift; sourceTree = "<group>"; };
		5FDB387024F7E7400004EB8F /* Base */ = {isa = PBXFileReference; lastKnownFileType = file.storyboard; name = Base; path = Base.lproj/Main.storyboard; sourceTree = "<group>"; };
		5FDB387224F7E7480004EB8F /* Assets.xcassets */ = {isa = PBXFileReference; lastKnownFileType = folder.assetcatalog; path = Assets.xcassets; sourceTree = "<group>"; };
		5FDB387524F7E7480004EB8F /* Base */ = {isa = PBXFileReference; lastKnownFileType = file.storyboard; name = Base; path = Base.lproj/LaunchScreen.storyboard; sourceTree = "<group>"; };
		5FDB387724F7E7480004EB8F /* Info.plist */ = {isa = PBXFileReference; lastKnownFileType = text.plist.xml; path = Info.plist; sourceTree = "<group>"; };
		5FDB387D24F7F12A0004EB8F /* ViewController_2.swift */ = {isa = PBXFileReference; lastKnownFileType = sourcecode.swift; path = ViewController_2.swift; sourceTree = "<group>"; };
		5FDB389124F7FED50004EB8F /* en */ = {isa = PBXFileReference; lastKnownFileType = text.plist.strings; name = en; path = en.lproj/Localizable.strings; sourceTree = "<group>"; };
		5FDB389324F7FEF50004EB8F /* pt-BR */ = {isa = PBXFileReference; lastKnownFileType = text.plist.strings; name = "pt-BR"; path = "pt-BR.lproj/Localizable.strings"; sourceTree = "<group>"; };
/* End PBXFileReference section */

/* Begin PBXFrameworksBuildPhase section */
		5FDB386324F7E7400004EB8F /* Frameworks */ = {
			isa = PBXFrameworksBuildPhase;
			buildActionMask = 2147483647;
			files = (
			);
			runOnlyForDeploymentPostprocessing = 0;
		};
/* End PBXFrameworksBuildPhase section */

/* Begin PBXGroup section */
		5FDB385D24F7E7400004EB8F = {
			isa = PBXGroup;
			children = (
				5FDB386824F7E7400004EB8F /* Internacionalizacao */,
				5FDB386724F7E7400004EB8F /* Products */,
			);
			sourceTree = "<group>";
		};
		5FDB386724F7E7400004EB8F /* Products */ = {
			isa = PBXGroup;
			children = (
				5FDB386624F7E7400004EB8F /* Internacionalizacao.app */,
			);
			name = Products;
			sourceTree = "<group>";
		};
		5FDB386824F7E7400004EB8F /* Internacionalizacao */ = {
			isa = PBXGroup;
			children = (
				5FDB386924F7E7400004EB8F /* AppDelegate.swift */,
				5FDB386B24F7E7400004EB8F /* SceneDelegate.swift */,
				5FDB386D24F7E7400004EB8F /* ViewController_1.swift */,
				5FDB387D24F7F12A0004EB8F /* ViewController_2.swift */,
				5FDB386F24F7E7400004EB8F /* Main.storyboard */,
				5FDB387224F7E7480004EB8F /* Assets.xcassets */,
				5FDB387424F7E7480004EB8F /* LaunchScreen.storyboard */,
				5FDB387724F7E7480004EB8F /* Info.plist */,
				5FDB389224F7FED50004EB8F /* Localizable.strings */,
			);
			path = Internacionalizacao;
			sourceTree = "<group>";
		};
/* End PBXGroup section */

/* Begin PBXNativeTarget section */
		5FDB386524F7E7400004EB8F /* Internacionalizacao */ = {
			isa = PBXNativeTarget;
			buildConfigurationList = 5FDB387A24F7E7480004EB8F /* Build configuration list for PBXNativeTarget "Internacionalizacao" */;
			buildPhases = (
				5FDB386224F7E7400004EB8F /* Sources */,
				5FDB386324F7E7400004EB8F /* Frameworks */,
				5FDB386424F7E7400004EB8F /* Resources */,
			);
			buildRules = (
			);
			dependencies = (
			);
			name = Internacionalizacao;
			productName = Internacionalizacao;
			productReference = 5FDB386624F7E7400004EB8F /* Internacionalizacao.app */;
			productType = "com.apple.product-type.application";
		};
/* End PBXNativeTarget section */

/* Begin PBXProject section */
		5FDB385E24F7E7400004EB8F /* Project object */ = {
			isa = PBXProject;
			attributes = {
				LastSwiftUpdateCheck = 1160;
				LastUpgradeCheck = 1160;
				ORGANIZATIONNAME = "Applause Codes";
				TargetAttributes = {
					5FDB386524F7E7400004EB8F = {
						CreatedOnToolsVersion = 11.6;
					};
				};
			};
			buildConfigurationList = 5FDB386124F7E7400004EB8F /* Build configuration list for PBXProject "Internacionalizacao" */;
			compatibilityVersion = "Xcode 9.3";
			developmentRegion = en;
			hasScannedForEncodings = 0;
			knownRegions = (
				en,
				Base,
				"pt-BR",
			);
			mainGroup = 5FDB385D24F7E7400004EB8F;
			productRefGroup = 5FDB386724F7E7400004EB8F /* Products */;
			projectDirPath = "";
			projectRoot = "";
			targets = (
				5FDB386524F7E7400004EB8F /* Internacionalizacao */,
			);
		};
/* End PBXProject section */

/* Begin PBXResourcesBuildPhase section */
		5FDB386424F7E7400004EB8F /* Resources */ = {
			isa = PBXResourcesBuildPhase;
			buildActionMask = 2147483647;
			files = (
				5FDB387624F7E7480004EB8F /* LaunchScreen.storyboard in Resources */,
				5FDB389024F7FED50004EB8F /* Localizable.strings in Resources */,
				5FDB387324F7E7480004EB8F /* Assets.xcassets in Resources */,
				5FDB387124F7E7400004EB8F /* Main.storyboard in Resources */,
			);
			runOnlyForDeploymentPostprocessing = 0;
		};
/* End PBXResourcesBuildPhase section */

/* Begin PBXSourcesBuildPhase section */
		5FDB386224F7E7400004EB8F /* Sources */ = {
			isa = PBXSourcesBuildPhase;
			buildActionMask = 2147483647;
			files = (
				5FDB386E24F7E7400004EB8F /* ViewController_1.swift in Sources */,
				5FDB387E24F7F12A0004EB8F /* ViewController_2.swift in Sources */,
				5FDB386A24F7E7400004EB8F /* AppDelegate.swift in Sources */,
				5FDB386C24F7E7400004EB8F /* SceneDelegate.swift in Sources */,
			);
			runOnlyForDeploymentPostprocessing = 0;
		};
/* End PBXSourcesBuildPhase section */

/* Begin PBXVariantGroup section */
		5FDB386F24F7E7400004EB8F /* Main.storyboard */ = {
			isa = PBXVariantGroup;
			children = (
				5FDB387024F7E7400004EB8F /* Base */,
			);
			name = Main.storyboard;
			sourceTree = "<group>";
		};
		5FDB387424F7E7480004EB8F /* LaunchScreen.storyboard */ = {
			isa = PBXVariantGroup;
			children = (
				5FDB387524F7E7480004EB8F /* Base */,
			);
			name = LaunchScreen.storyboard;
			sourceTree = "<group>";
		};
		5FDB389224F7FED50004EB8F /* Localizable.strings */ = {
			isa = PBXVariantGroup;
			children = (
				5FDB389124F7FED50004EB8F /* en */,
				5FDB389324F7FEF50004EB8F /* pt-BR */,
			);
			name = Localizable.strings;
			sourceTree = "<group>";
		};
/* End PBXVariantGroup section */

/* Begin XCBuildConfiguration section */
		5FDB387824F7E7480004EB8F /* Debug */ = {
			isa = XCBuildConfiguration;
			buildSettings = {
				ALWAYS_SEARCH_USER_PATHS = NO;
				CLANG_ANALYZER_LOCALIZABILITY_NONLOCALIZED = YES;
				CLANG_ANALYZER_NONNULL = YES;
				CLANG_ANALYZER_NUMBER_OBJECT_CONVERSION = YES_AGGRESSIVE;
				CLANG_CXX_LANGUAGE_STANDARD = "gnu++14";
				CLANG_CXX_LIBRARY = "libc++";
				CLANG_ENABLE_MODULES = YES;
				CLANG_ENABLE_OBJC_ARC = YES;
				CLANG_ENABLE_OBJC_WEAK = YES;
				CLANG_WARN_BLOCK_CAPTURE_AUTORELEASING = YES;
				CLANG_WARN_BOOL_CONVERSION = YES;
				CLANG_WARN_COMMA = YES;
				CLANG_WARN_CONSTANT_CONVERSION = YES;
				CLANG_WARN_DEPRECATED_OBJC_IMPLEMENTATIONS = YES;
				CLANG_WARN_DIRECT_OBJC_ISA_USAGE = YES_ERROR;
				CLANG_WARN_DOCUMENTATION_COMMENTS = YES;
				CLANG_WARN_EMPTY_BODY = YES;
				CLANG_WARN_ENUM_CONVERSION = YES;
				CLANG_WARN_INFINITE_RECURSION = YES;
				CLANG_WARN_INT_CONVERSION = YES;
				CLANG_WARN_NON_LITERAL_NULL_CONVERSION = YES;
				CLANG_WARN_OBJC_IMPLICIT_RETAIN_SELF = YES;
				CLANG_WARN_OBJC_LITERAL_CONVERSION = YES;
				CLANG_WARN_OBJC_ROOT_CLASS = YES_ERROR;
				CLANG_WARN_RANGE_LOOP_ANALYSIS = YES;
				CLANG_WARN_STRICT_PROTOTYPES = YES;
				CLANG_WARN_SUSPICIOUS_MOVE = YES;
				CLANG_WARN_UNGUARDED_AVAILABILITY = YES_AGGRESSIVE;
				CLANG_WARN_UNREACHABLE_CODE = YES;
				CLANG_WARN__DUPLICATE_METHOD_MATCH = YES;
				COPY_PHASE_STRIP = NO;
				DEBUG_INFORMATION_FORMAT = dwarf;
				ENABLE_STRICT_OBJC_MSGSEND = YES;
				ENABLE_TESTABILITY = YES;
				GCC_C_LANGUAGE_STANDARD = gnu11;
				GCC_DYNAMIC_NO_PIC = NO;
				GCC_NO_COMMON_BLOCKS = YES;
				GCC_OPTIMIZATION_LEVEL = 0;
				GCC_PREPROCESSOR_DEFINITIONS = (
					"DEBUG=1",
					"$(inherited)",
				);
				GCC_WARN_64_TO_32_BIT_CONVERSION = YES;
				GCC_WARN_ABOUT_RETURN_TYPE = YES_ERROR;
				GCC_WARN_UNDECLARED_SELECTOR = YES;
				GCC_WARN_UNINITIALIZED_AUTOS = YES_AGGRESSIVE;
				GCC_WARN_UNUSED_FUNCTION = YES;
				GCC_WARN_UNUSED_VARIABLE = YES;
				IPHONEOS_DEPLOYMENT_TARGET = 13.6;
				MTL_ENABLE_DEBUG_INFO = INCLUDE_SOURCE;
				MTL_FAST_MATH = YES;
				ONLY_ACTIVE_ARCH = YES;
				SDKROOT = iphoneos;
				SWIFT_ACTIVE_COMPILATION_CONDITIONS = DEBUG;
				SWIFT_OPTIMIZATION_LEVEL = "-Onone";
			};
			name = Debug;
		};
		5FDB387924F7E7480004EB8F /* Release */ = {
			isa = XCBuildConfiguration;
			buildSettings = {
				ALWAYS_SEARCH_USER_PATHS = NO;
				CLANG_ANALYZER_LOCALIZABILITY_NONLOCALIZED = YES;
				CLANG_ANALYZER_NONNULL = YES;
				CLANG_ANALYZER_NUMBER_OBJECT_CONVERSION = YES_AGGRESSIVE;
				CLANG_CXX_LANGUAGE_STANDARD = "gnu++14";
				CLANG_CXX_LIBRARY = "libc++";
				CLANG_ENABLE_MODULES = YES;
				CLANG_ENABLE_OBJC_ARC = YES;
				CLANG_ENABLE_OBJC_WEAK = YES;
				CLANG_WARN_BLOCK_CAPTURE_AUTORELEASING = YES;
				CLANG_WARN_BOOL_CONVERSION = YES;
				CLANG_WARN_COMMA = YES;
				CLANG_WARN_CONSTANT_CONVERSION = YES;
				CLANG_WARN_DEPRECATED_OBJC_IMPLEMENTATIONS = YES;
				CLANG_WARN_DIRECT_OBJC_ISA_USAGE = YES_ERROR;
				CLANG_WARN_DOCUMENTATION_COMMENTS = YES;
				CLANG_WARN_EMPTY_BODY = YES;
				CLANG_WARN_ENUM_CONVERSION = YES;
				CLANG_WARN_INFINITE_RECURSION = YES;
				CLANG_WARN_INT_CONVERSION = YES;
				CLANG_WARN_NON_LITERAL_NULL_CONVERSION = YES;
				CLANG_WARN_OBJC_IMPLICIT_RETAIN_SELF = YES;
				CLANG_WARN_OBJC_LITERAL_CONVERSION = YES;
				CLANG_WARN_OBJC_ROOT_CLASS = YES_ERROR;
				CLANG_WARN_RANGE_LOOP_ANALYSIS = YES;
				CLANG_WARN_STRICT_PROTOTYPES = YES;
				CLANG_WARN_SUSPICIOUS_MOVE = YES;
				CLANG_WARN_UNGUARDED_AVAILABILITY = YES_AGGRESSIVE;
				CLANG_WARN_UNREACHABLE_CODE = YES;
				CLANG_WARN__DUPLICATE_METHOD_MATCH = YES;
				COPY_PHASE_STRIP = NO;
				DEBUG_INFORMATION_FORMAT = "dwarf-with-dsym";
				ENABLE_NS_ASSERTIONS = NO;
				ENABLE_STRICT_OBJC_MSGSEND = YES;
				GCC_C_LANGUAGE_STANDARD = gnu11;
				GCC_NO_COMMON_BLOCKS = YES;
				GCC_WARN_64_TO_32_BIT_CONVERSION = YES;
				GCC_WARN_ABOUT_RETURN_TYPE = YES_ERROR;
				GCC_WARN_UNDECLARED_SELECTOR = YES;
				GCC_WARN_UNINITIALIZED_AUTOS = YES_AGGRESSIVE;
				GCC_WARN_UNUSED_FUNCTION = YES;
				GCC_WARN_UNUSED_VARIABLE = YES;
				IPHONEOS_DEPLOYMENT_TARGET = 13.6;
				MTL_ENABLE_DEBUG_INFO = NO;
				MTL_FAST_MATH = YES;
				SDKROOT = iphoneos;
				SWIFT_COMPILATION_MODE = wholemodule;
				SWIFT_OPTIMIZATION_LEVEL = "-O";
				VALIDATE_PRODUCT = YES;
			};
			name = Release;
		};
		5FDB387B24F7E7480004EB8F /* Debug */ = {
			isa = XCBuildConfiguration;
			buildSettings = {
				ASSETCATALOG_COMPILER_APPICON_NAME = AppIcon;
				CODE_SIGN_STYLE = Automatic;
				DEVELOPMENT_TEAM = 9VZ2GX6WB6;
				INFOPLIST_FILE = Internacionalizacao/Info.plist;
				LD_RUNPATH_SEARCH_PATHS = (
					"$(inherited)",
					"@executable_path/Frameworks",
				);
				PRODUCT_BUNDLE_IDENTIFIER = codes.applause.Internacionalizacao;
				PRODUCT_NAME = "$(TARGET_NAME)";
				SWIFT_VERSION = 5.0;
				TARGETED_DEVICE_FAMILY = "1,2";
			};
			name = Debug;
		};
		5FDB387C24F7E7480004EB8F /* Release */ = {
			isa = XCBuildConfiguration;
			buildSettings = {
				ASSETCATALOG_COMPILER_APPICON_NAME = AppIcon;
				CODE_SIGN_STYLE = Automatic;
				DEVELOPMENT_TEAM = 9VZ2GX6WB6;
				INFOPLIST_FILE = Internacionalizacao/Info.plist;
				LD_RUNPATH_SEARCH_PATHS = (
					"$(inherited)",
					"@executable_path/Frameworks",
				);
				PRODUCT_BUNDLE_IDENTIFIER = codes.applause.Internacionalizacao;
				PRODUCT_NAME = "$(TARGET_NAME)";
				SWIFT_VERSION = 5.0;
				TARGETED_DEVICE_FAMILY = "1,2";
			};
			name = Release;
		};
/* End XCBuildConfiguration section */

/* Begin XCConfigurationList section */
		5FDB386124F7E7400004EB8F /* Build configuration list for PBXProject "Internacionalizacao" */ = {
			isa = XCConfigurationList;
			buildConfigurations = (
				5FDB387824F7E7480004EB8F /* Debug */,
				5FDB387924F7E7480004EB8F /* Release */,
			);
			defaultConfigurationIsVisible = 0;
			defaultConfigurationName = Release;
		};
		5FDB387A24F7E7480004EB8F /* Build configuration list for PBXNativeTarget "Internacionalizacao" */ = {
			isa = XCConfigurationList;
			buildConfigurations = (
				5FDB387B24F7E7480004EB8F /* Debug */,
				5FDB387C24F7E7480004EB8F /* Release */,
			);
			defaultConfigurationIsVisible = 0;
			defaultConfigurationName = Release;
		};
/* End XCConfigurationList section */
	};
	rootObject = 5FDB385E24F7E7400004EB8F /* Project object */;
}
